
Microsoft Visual Studio Solution File, Format Version 12.00
# Visual Studio Version 17
VisualStudioVersion = 17.0.31903.59
MinimumVisualStudioVersion = 10.0.40219.1
Project("{2150E333-8FDC-42A3-9474-1A3956D46DE8}") = "src", "src", "{827E0CD3-B72D-47B6-A68D-7590B98EB39B}"
EndProject
Project("{FAE04EC0-301F-11D3-BF4B-00C04F79EFBC}") = "AutoMappic.Core", "src\AutoMappic.Core\AutoMappic.Core.csproj", "{6CF411D0-6B4F-468A-929B-A7FF23055F87}"
EndProject
Project("{FAE04EC0-301F-11D3-BF4B-00C04F79EFBC}") = "AutoMappic.Generator", "src\AutoMappic.Generator\AutoMappic.Generator.csproj", "{6961886E-BEFE-4467-AF1D-5277101D3F57}"
EndProject
Project("{2150E333-8FDC-42A3-9474-1A3956D46DE8}") = "tests", "tests", "{0AB3BF05-4346-4AA6-1389-037BE0695223}"
EndProject
Project("{FAE04EC0-301F-11D3-BF4B-00C04F79EFBC}") = "AutoMappic.Tests", "tests\AutoMappic.Tests\AutoMappic.Tests.csproj", "{44AD386F-C511-4F29-8E6D-CA5E40CB4B4F}"
EndProject
Project("{FAE04EC0-301F-11D3-BF4B-00C04F79EFBC}") = "AutoMappic.Benchmarks", "tests\AutoMappic.Benchmarks\AutoMappic.Benchmarks.csproj", "{0187F073-16A4-40B1-B9EC-76598BC8E9C4}"
EndProject
Project("{2150E333-8FDC-42A3-9474-1A3956D46DE8}") = "samples", "samples", "{5D20AA90-6969-D8BD-9DCD-8634F4692FDA}"
EndProject
Project("{FAE04EC0-301F-11D3-BF4B-00C04F79EFBC}") = "SampleApp", "samples\SampleApp\SampleApp.csproj", "{85DF7B89-E28A-4D5A-AD69-F34026B09924}"
EndProject
Project("{FAE04EC0-301F-11D3-BF4B-00C04F79EFBC}") = "AutoMappic.Cli", "src\AutoMappic.Cli\AutoMappic.Cli.csproj", "{1E3EEE57-80B7-4E16-9E50-325E154F3E46}"
EndProject
Project("{FAE04EC0-301F-11D3-BF4B-00C04F79EFBC}") = "AutoMappic.Samples.TodoApi", "samples\AutoMappic.Samples.TodoApi\AutoMappic.Samples.TodoApi.csproj", "{DB08E61D-5690-49D7-A418-33B61CDECB92}"
EndProject
Project("{FAE04EC0-301F-11D3-BF4B-00C04F79EFBC}") = "AutoMappic.Generator.CodeFixes", "src\AutoMappic.Generator.CodeFixes\AutoMappic.Generator.CodeFixes.csproj", "{E45AC58A-D0EF-468E-A696-1A49571E4D60}"
EndProject
Global
	GlobalSection(SolutionConfigurationPlatforms) = preSolution
		Debug|Any CPU = Debug|Any CPU
		Debug|x64 = Debug|x64
		Debug|x86 = Debug|x86
		Release|Any CPU = Release|Any CPU
		Release|x64 = Release|x64
		Release|x86 = Release|x86
	EndGlobalSection
	GlobalSection(ProjectConfigurationPlatforms) = postSolution
		{6CF411D0-6B4F-468A-929B-A7FF23055F87}.Debug|Any CPU.ActiveCfg = Debug|Any CPU
		{6CF411D0-6B4F-468A-929B-A7FF23055F87}.Debug|Any CPU.Build.0 = Debug|Any CPU
		{6CF411D0-6B4F-468A-929B-A7FF23055F87}.Debug|x64.ActiveCfg = Debug|Any CPU
		{6CF411D0-6B4F-468A-929B-A7FF23055F87}.Debug|x64.Build.0 = Debug|Any CPU
		{6CF411D0-6B4F-468A-929B-A7FF23055F87}.Debug|x86.ActiveCfg = Debug|Any CPU
		{6CF411D0-6B4F-468A-929B-A7FF23055F87}.Debug|x86.Build.0 = Debug|Any CPU
		{6CF411D0-6B4F-468A-929B-A7FF23055F87}.Release|Any CPU.ActiveCfg = Release|Any CPU
		{6CF411D0-6B4F-468A-929B-A7FF23055F87}.Release|Any CPU.Build.0 = Release|Any CPU
		{6CF411D0-6B4F-468A-929B-A7FF23055F87}.Release|x64.ActiveCfg = Release|Any CPU
		{6CF411D0-6B4F-468A-929B-A7FF23055F87}.Release|x64.Build.0 = Release|Any CPU
		{6CF411D0-6B4F-468A-929B-A7FF23055F87}.Release|x86.ActiveCfg = Release|Any CPU
		{6CF411D0-6B4F-468A-929B-A7FF23055F87}.Release|x86.Build.0 = Release|Any CPU
		{6961886E-BEFE-4467-AF1D-5277101D3F57}.Debug|Any CPU.ActiveCfg = Debug|Any CPU
		{6961886E-BEFE-4467-AF1D-5277101D3F57}.Debug|Any CPU.Build.0 = Debug|Any CPU
		{6961886E-BEFE-4467-AF1D-5277101D3F57}.Debug|x64.ActiveCfg = Debug|Any CPU
		{6961886E-BEFE-4467-AF1D-5277101D3F57}.Debug|x64.Build.0 = Debug|Any CPU
		{6961886E-BEFE-4467-AF1D-5277101D3F57}.Debug|x86.ActiveCfg = Debug|Any CPU
		{6961886E-BEFE-4467-AF1D-5277101D3F57}.Debug|x86.Build.0 = Debug|Any CPU
		{6961886E-BEFE-4467-AF1D-5277101D3F57}.Release|Any CPU.ActiveCfg = Release|Any CPU
		{6961886E-BEFE-4467-AF1D-5277101D3F57}.Release|Any CPU.Build.0 = Release|Any CPU
		{6961886E-BEFE-4467-AF1D-5277101D3F57}.Release|x64.ActiveCfg = Release|Any CPU
		{6961886E-BEFE-4467-AF1D-5277101D3F57}.Release|x64.Build.0 = Release|Any CPU
		{6961886E-BEFE-4467-AF1D-5277101D3F57}.Release|x86.ActiveCfg = Release|Any CPU
		{6961886E-BEFE-4467-AF1D-5277101D3F57}.Release|x86.Build.0 = Release|Any CPU
		{44AD386F-C511-4F29-8E6D-CA5E40CB4B4F}.Debug|Any CPU.ActiveCfg = Debug|Any CPU
		{44AD386F-C511-4F29-8E6D-CA5E40CB4B4F}.Debug|Any CPU.Build.0 = Debug|Any CPU
		{44AD386F-C511-4F29-8E6D-CA5E40CB4B4F}.Debug|x64.ActiveCfg = Debug|Any CPU
		{44AD386F-C511-4F29-8E6D-CA5E40CB4B4F}.Debug|x64.Build.0 = Debug|Any CPU
		{44AD386F-C511-4F29-8E6D-CA5E40CB4B4F}.Debug|x86.ActiveCfg = Debug|Any CPU
		{44AD386F-C511-4F29-8E6D-CA5E40CB4B4F}.Debug|x86.Build.0 = Debug|Any CPU
		{44AD386F-C511-4F29-8E6D-CA5E40CB4B4F}.Release|Any CPU.ActiveCfg = Release|Any CPU
		{44AD386F-C511-4F29-8E6D-CA5E40CB4B4F}.Release|Any CPU.Build.0 = Release|Any CPU
		{44AD386F-C511-4F29-8E6D-CA5E40CB4B4F}.Release|x64.ActiveCfg = Release|Any CPU
		{44AD386F-C511-4F29-8E6D-CA5E40CB4B4F}.Release|x64.Build.0 = Release|Any CPU
		{44AD386F-C511-4F29-8E6D-CA5E40CB4B4F}.Release|x86.ActiveCfg = Release|Any CPU
		{44AD386F-C511-4F29-8E6D-CA5E40CB4B4F}.Release|x86.Build.0 = Release|Any CPU
		{0187F073-16A4-40B1-B9EC-76598BC8E9C4}.Debug|Any CPU.ActiveCfg = Debug|Any CPU
		{0187F073-16A4-40B1-B9EC-76598BC8E9C4}.Debug|Any CPU.Build.0 = Debug|Any CPU
		{0187F073-16A4-40B1-B9EC-76598BC8E9C4}.Debug|x64.ActiveCfg = Debug|Any CPU
		{0187F073-16A4-40B1-B9EC-76598BC8E9C4}.Debug|x64.Build.0 = Debug|Any CPU
		{0187F073-16A4-40B1-B9EC-76598BC8E9C4}.Debug|x86.ActiveCfg = Debug|Any CPU
		{0187F073-16A4-40B1-B9EC-76598BC8E9C4}.Debug|x86.Build.0 = Debug|Any CPU
		{0187F073-16A4-40B1-B9EC-76598BC8E9C4}.Release|Any CPU.ActiveCfg = Release|Any CPU
		{0187F073-16A4-40B1-B9EC-76598BC8E9C4}.Release|Any CPU.Build.0 = Release|Any CPU
		{0187F073-16A4-40B1-B9EC-76598BC8E9C4}.Release|x64.ActiveCfg = Release|Any CPU
		{0187F073-16A4-40B1-B9EC-76598BC8E9C4}.Release|x64.Build.0 = Release|Any CPU
		{0187F073-16A4-40B1-B9EC-76598BC8E9C4}.Release|x86.ActiveCfg = Release|Any CPU
		{0187F073-16A4-40B1-B9EC-76598BC8E9C4}.Release|x86.Build.0 = Release|Any CPU
		{85DF7B89-E28A-4D5A-AD69-F34026B09924}.Debug|Any CPU.ActiveCfg = Debug|Any CPU
		{85DF7B89-E28A-4D5A-AD69-F34026B09924}.Debug|Any CPU.Build.0 = Debug|Any CPU
		{85DF7B89-E28A-4D5A-AD69-F34026B09924}.Debug|x64.ActiveCfg = Debug|Any CPU
		{85DF7B89-E28A-4D5A-AD69-F34026B09924}.Debug|x64.Build.0 = Debug|Any CPU
		{85DF7B89-E28A-4D5A-AD69-F34026B09924}.Debug|x86.ActiveCfg = Debug|Any CPU
		{85DF7B89-E28A-4D5A-AD69-F34026B09924}.Debug|x86.Build.0 = Debug|Any CPU
		{85DF7B89-E28A-4D5A-AD69-F34026B09924}.Release|Any CPU.ActiveCfg = Release|Any CPU
		{85DF7B89-E28A-4D5A-AD69-F34026B09924}.Release|Any CPU.Build.0 = Release|Any CPU
		{85DF7B89-E28A-4D5A-AD69-F34026B09924}.Release|x64.ActiveCfg = Release|Any CPU
		{85DF7B89-E28A-4D5A-AD69-F34026B09924}.Release|x64.Build.0 = Release|Any CPU
		{85DF7B89-E28A-4D5A-AD69-F34026B09924}.Release|x86.ActiveCfg = Release|Any CPU
		{85DF7B89-E28A-4D5A-AD69-F34026B09924}.Release|x86.Build.0 = Release|Any CPU
		{1E3EEE57-80B7-4E16-9E50-325E154F3E46}.Debug|Any CPU.ActiveCfg = Debug|Any CPU
		{1E3EEE57-80B7-4E16-9E50-325E154F3E46}.Debug|Any CPU.Build.0 = Debug|Any CPU
		{1E3EEE57-80B7-4E16-9E50-325E154F3E46}.Debug|x64.ActiveCfg = Debug|Any CPU
		{1E3EEE57-80B7-4E16-9E50-325E154F3E46}.Debug|x64.Build.0 = Debug|Any CPU
		{1E3EEE57-80B7-4E16-9E50-325E154F3E46}.Debug|x86.ActiveCfg = Debug|Any CPU
		{1E3EEE57-80B7-4E16-9E50-325E154F3E46}.Debug|x86.Build.0 = Debug|Any CPU
		{1E3EEE57-80B7-4E16-9E50-325E154F3E46}.Release|Any CPU.ActiveCfg = Release|Any CPU
		{1E3EEE57-80B7-4E16-9E50-325E154F3E46}.Release|Any CPU.Build.0 = Release|Any CPU
		{1E3EEE57-80B7-4E16-9E50-325E154F3E46}.Release|x64.ActiveCfg = Release|Any CPU
		{1E3EEE57-80B7-4E16-9E50-325E154F3E46}.Release|x64.Build.0 = Release|Any CPU
		{1E3EEE57-80B7-4E16-9E50-325E154F3E46}.Release|x86.ActiveCfg = Release|Any CPU
		{1E3EEE57-80B7-4E16-9E50-325E154F3E46}.Release|x86.Build.0 = Release|Any CPU
		{DB08E61D-5690-49D7-A418-33B61CDECB92}.Debug|Any CPU.ActiveCfg = Debug|Any CPU
		{DB08E61D-5690-49D7-A418-33B61CDECB92}.Debug|Any CPU.Build.0 = Debug|Any CPU
		{DB08E61D-5690-49D7-A418-33B61CDECB92}.Debug|x64.ActiveCfg = Debug|Any CPU
		{DB08E61D-5690-49D7-A418-33B61CDECB92}.Debug|x64.Build.0 = Debug|Any CPU
		{DB08E61D-5690-49D7-A418-33B61CDECB92}.Debug|x86.ActiveCfg = Debug|Any CPU
		{DB08E61D-5690-49D7-A418-33B61CDECB92}.Debug|x86.Build.0 = Debug|Any CPU
		{DB08E61D-5690-49D7-A418-33B61CDECB92}.Release|Any CPU.ActiveCfg = Release|Any CPU
		{DB08E61D-5690-49D7-A418-33B61CDECB92}.Release|Any CPU.Build.0 = Release|Any CPU
		{DB08E61D-5690-49D7-A418-33B61CDECB92}.Release|x64.ActiveCfg = Release|Any CPU
		{DB08E61D-5690-49D7-A418-33B61CDECB92}.Release|x64.Build.0 = Release|Any CPU
		{DB08E61D-5690-49D7-A418-33B61CDECB92}.Release|x86.ActiveCfg = Release|Any CPU
		{DB08E61D-5690-49D7-A418-33B61CDECB92}.Release|x86.Build.0 = Release|Any CPU
		{E45AC58A-D0EF-468E-A696-1A49571E4D60}.Debug|Any CPU.ActiveCfg = Debug|Any CPU
		{E45AC58A-D0EF-468E-A696-1A49571E4D60}.Debug|Any CPU.Build.0 = Debug|Any CPU
		{E45AC58A-D0EF-468E-A696-1A49571E4D60}.Debug|x64.ActiveCfg = Debug|Any CPU
		{E45AC58A-D0EF-468E-A696-1A49571E4D60}.Debug|x64.Build.0 = Debug|Any CPU
		{E45AC58A-D0EF-468E-A696-1A49571E4D60}.Debug|x86.ActiveCfg = Debug|Any CPU
		{E45AC58A-D0EF-468E-A696-1A49571E4D60}.Debug|x86.Build.0 = Debug|Any CPU
		{E45AC58A-D0EF-468E-A696-1A49571E4D60}.Release|Any CPU.ActiveCfg = Release|Any CPU
		{E45AC58A-D0EF-468E-A696-1A49571E4D60}.Release|Any CPU.Build.0 = Release|Any CPU
		{E45AC58A-D0EF-468E-A696-1A49571E4D60}.Release|x64.ActiveCfg = Release|Any CPU
		{E45AC58A-D0EF-468E-A696-1A49571E4D60}.Release|x64.Build.0 = Release|Any CPU
		{E45AC58A-D0EF-468E-A696-1A49571E4D60}.Release|x86.ActiveCfg = Release|Any CPU
		{E45AC58A-D0EF-468E-A696-1A49571E4D60}.Release|x86.Build.0 = Release|Any CPU
	EndGlobalSection
	GlobalSection(SolutionProperties) = preSolution
		HideSolutionNode = FALSE
	EndGlobalSection
	GlobalSection(NestedProjects) = preSolution
		{6CF411D0-6B4F-468A-929B-A7FF23055F87} = {827E0CD3-B72D-47B6-A68D-7590B98EB39B}
		{6961886E-BEFE-4467-AF1D-5277101D3F57} = {827E0CD3-B72D-47B6-A68D-7590B98EB39B}
		{44AD386F-C511-4F29-8E6D-CA5E40CB4B4F} = {0AB3BF05-4346-4AA6-1389-037BE0695223}
		{0187F073-16A4-40B1-B9EC-76598BC8E9C4} = {0AB3BF05-4346-4AA6-1389-037BE0695223}
		{85DF7B89-E28A-4D5A-AD69-F34026B09924} = {5D20AA90-6969-D8BD-9DCD-8634F4692FDA}
		{1E3EEE57-80B7-4E16-9E50-325E154F3E46} = {827E0CD3-B72D-47B6-A68D-7590B98EB39B}
		{DB08E61D-5690-49D7-A418-33B61CDECB92} = {5D20AA90-6969-D8BD-9DCD-8634F4692FDA}
		{E45AC58A-D0EF-468E-A696-1A49571E4D60} = {827E0CD3-B72D-47B6-A68D-7590B98EB39B}
	EndGlobalSection
EndGlobal
